
Microsoft Visual Studio Solution File, Format Version 12.00
# Visual Studio Version 17
VisualStudioVersion = 17.7.34202.233
MinimumVisualStudioVersion = 10.0.40219.1
Project("{9A19103F-16F7-4668-BE54-9A1E7A4F7556}") = "IHJZDJ_HFT_2023242.Client", "IHJZDJ_HFT_2023242.Client\IHJZDJ_HFT_2023242.Client.csproj", "{0B45D3E7-AD31-4BC6-A374-357AA91A2239}"
EndProject
Project("{2150E333-8FDC-42A3-9474-1A3956D46DE8}") = "Backend", "Backend", "{B50EAF13-4ED1-4879-975B-4237839B6865}"
EndProject
Project("{2150E333-8FDC-42A3-9474-1A3956D46DE8}") = "Frontend", "Frontend", "{58575B8A-3038-4373-B5EF-8BE496922498}"
EndProject
Project("{2150E333-8FDC-42A3-9474-1A3956D46DE8}") = "Shared", "Shared", "{30975DCA-4C63-4A8D-95B1-090671E375E5}"
EndProject
Project("{9A19103F-16F7-4668-BE54-9A1E7A4F7556}") = "IHJZDJ_HFT_2023242.Logic", "IHJZDJ_HFT_2023242.Logic\IHJZDJ_HFT_2023242.Logic.csproj", "{926832BD-51FC-4C16-BDC4-D1BEED48A3E5}"
EndProject
Project("{9A19103F-16F7-4668-BE54-9A1E7A4F7556}") = "IHJZDJ_HFT_2023242.Models", "IHJZDJ_HFT_2023242.Models\IHJZDJ_HFT_2023242.Models.csproj", "{14F6062F-ADBE-4924-A386-3633BD81CC76}"
EndProject
Project("{9A19103F-16F7-4668-BE54-9A1E7A4F7556}") = "IHJZDJ_HFT_2023242.Repository", "IHJZDJ_HFT_2023242.Repository\IHJZDJ_HFT_2023242.Repository.csproj", "{EA4A0A55-16E4-4FD6-B5C2-36DB80AD2F2E}"
EndProject
Project("{9A19103F-16F7-4668-BE54-9A1E7A4F7556}") = "IHJZDJ_HFT_2023242.Test", "IHJZDJ_HFT_2023242.Test\IHJZDJ_HFT_2023242.Test.csproj", "{68D9A109-3C6B-4924-93B5-B08E1D36E66A}"
EndProject
Project("{FAE04EC0-301F-11D3-BF4B-00C04F79EFBC}") = "IHJZDJ_HFT_2023242.Endpoint", "IHJZDJ_HFT_2023242.Endpoint\IHJZDJ_HFT_2023242.Endpoint.csproj", "{7D2356C6-2BA9-4164-9948-BD2D4083213B}"
EndProject
Global
	GlobalSection(SolutionConfigurationPlatforms) = preSolution
		Debug|Any CPU = Debug|Any CPU
		Release|Any CPU = Release|Any CPU
	EndGlobalSection
	GlobalSection(ProjectConfigurationPlatforms) = postSolution
		{0B45D3E7-AD31-4BC6-A374-357AA91A2239}.Debug|Any CPU.ActiveCfg = Debug|Any CPU
		{0B45D3E7-AD31-4BC6-A374-357AA91A2239}.Debug|Any CPU.Build.0 = Debug|Any CPU
		{0B45D3E7-AD31-4BC6-A374-357AA91A2239}.Release|Any CPU.ActiveCfg = Release|Any CPU
		{0B45D3E7-AD31-4BC6-A374-357AA91A2239}.Release|Any CPU.Build.0 = Release|Any CPU
		{926832BD-51FC-4C16-BDC4-D1BEED48A3E5}.Debug|Any CPU.ActiveCfg = Debug|Any CPU
		{926832BD-51FC-4C16-BDC4-D1BEED48A3E5}.Debug|Any CPU.Build.0 = Debug|Any CPU
		{926832BD-51FC-4C16-BDC4-D1BEED48A3E5}.Release|Any CPU.ActiveCfg = Release|Any CPU
		{926832BD-51FC-4C16-BDC4-D1BEED48A3E5}.Release|Any CPU.Build.0 = Release|Any CPU
		{14F6062F-ADBE-4924-A386-3633BD81CC76}.Debug|Any CPU.ActiveCfg = Debug|Any CPU
		{14F6062F-ADBE-4924-A386-3633BD81CC76}.Debug|Any CPU.Build.0 = Debug|Any CPU
		{14F6062F-ADBE-4924-A386-3633BD81CC76}.Release|Any CPU.ActiveCfg = Release|Any CPU
		{14F6062F-ADBE-4924-A386-3633BD81CC76}.Release|Any CPU.Build.0 = Release|Any CPU
		{EA4A0A55-16E4-4FD6-B5C2-36DB80AD2F2E}.Debug|Any CPU.ActiveCfg = Debug|Any CPU
		{EA4A0A55-16E4-4FD6-B5C2-36DB80AD2F2E}.Debug|Any CPU.Build.0 = Debug|Any CPU
		{EA4A0A55-16E4-4FD6-B5C2-36DB80AD2F2E}.Release|Any CPU.ActiveCfg = Release|Any CPU
		{EA4A0A55-16E4-4FD6-B5C2-36DB80AD2F2E}.Release|Any CPU.Build.0 = Release|Any CPU
		{68D9A109-3C6B-4924-93B5-B08E1D36E66A}.Debug|Any CPU.ActiveCfg = Debug|Any CPU
		{68D9A109-3C6B-4924-93B5-B08E1D36E66A}.Debug|Any CPU.Build.0 = Debug|Any CPU
		{68D9A109-3C6B-4924-93B5-B08E1D36E66A}.Release|Any CPU.ActiveCfg = Release|Any CPU
		{68D9A109-3C6B-4924-93B5-B08E1D36E66A}.Release|Any CPU.Build.0 = Release|Any CPU
		{7D2356C6-2BA9-4164-9948-BD2D4083213B}.Debug|Any CPU.ActiveCfg = Debug|Any CPU
		{7D2356C6-2BA9-4164-9948-BD2D4083213B}.Debug|Any CPU.Build.0 = Debug|Any CPU
		{7D2356C6-2BA9-4164-9948-BD2D4083213B}.Release|Any CPU.ActiveCfg = Release|Any CPU
		{7D2356C6-2BA9-4164-9948-BD2D4083213B}.Release|Any CPU.Build.0 = Release|Any CPU
	EndGlobalSection
	GlobalSection(SolutionProperties) = preSolution
		HideSolutionNode = FALSE
	EndGlobalSection
	GlobalSection(NestedProjects) = preSolution
		{0B45D3E7-AD31-4BC6-A374-357AA91A2239} = {58575B8A-3038-4373-B5EF-8BE496922498}
		{926832BD-51FC-4C16-BDC4-D1BEED48A3E5} = {B50EAF13-4ED1-4879-975B-4237839B6865}
		{14F6062F-ADBE-4924-A386-3633BD81CC76} = {30975DCA-4C63-4A8D-95B1-090671E375E5}
		{EA4A0A55-16E4-4FD6-B5C2-36DB80AD2F2E} = {B50EAF13-4ED1-4879-975B-4237839B6865}
		{68D9A109-3C6B-4924-93B5-B08E1D36E66A} = {B50EAF13-4ED1-4879-975B-4237839B6865}
		{7D2356C6-2BA9-4164-9948-BD2D4083213B} = {B50EAF13-4ED1-4879-975B-4237839B6865}
	EndGlobalSection
	GlobalSection(ExtensibilityGlobals) = postSolution
		SolutionGuid = {39119CDF-EE94-481E-8A31-8ABD1EDED454}
	EndGlobalSection
EndGlobal
